
Microsoft Visual Studio Solution File, Format Version 12.00
# Visual Studio 15
VisualStudioVersion = 15.0.28307.1684
MinimumVisualStudioVersion = 10.0.40219.1
Project("{8BC9CEB8-8B4A-11D0-8D11-00A0C91BC942}") = "HW3.33", "HW3.33\HW3.33.vcxproj", "{CA1ACE22-734D-4322-BB73-3C88102FDF5B}"
EndProject
Global
	GlobalSection(SolutionConfigurationPlatforms) = preSolution
		Debug|x64 = Debug|x64
		Debug|x86 = Debug|x86
		Release|x64 = Release|x64
		Release|x86 = Release|x86
	EndGlobalSection
	GlobalSection(ProjectConfigurationPlatforms) = postSolution
		{CA1ACE22-734D-4322-BB73-3C88102FDF5B}.Debug|x64.ActiveCfg = Debug|x64
		{CA1ACE22-734D-4322-BB73-3C88102FDF5B}.Debug|x64.Build.0 = Debug|x64
		{CA1ACE22-734D-4322-BB73-3C88102FDF5B}.Debug|x86.ActiveCfg = Debug|Win32
		{CA1ACE22-734D-4322-BB73-3C88102FDF5B}.Debug|x86.Build.0 = Debug|Win32
		{CA1ACE22-734D-4322-BB73-3C88102FDF5B}.Release|x64.ActiveCfg = Release|x64
		{CA1ACE22-734D-4322-BB73-3C88102FDF5B}.Release|x64.Build.0 = Release|x64
		{CA1ACE22-734D-4322-BB73-3C88102FDF5B}.Release|x86.ActiveCfg = Release|Win32
		{CA1ACE22-734D-4322-BB73-3C88102FDF5B}.Release|x86.Build.0 = Release|Win32
	EndGlobalSection
	GlobalSection(SolutionProperties) = preSolution
		HideSolutionNode = FALSE
	EndGlobalSection
	GlobalSection(ExtensibilityGlobals) = postSolution
		SolutionGuid = {7AAF4612-AA1C-4346-A1BD-E5458AA7BE34}
	EndGlobalSection
EndGlobal
