
Microsoft Visual Studio Solution File, Format Version 12.00
# Visual Studio 15
VisualStudioVersion = 15.0.28307.1684
MinimumVisualStudioVersion = 10.0.40219.1
Project("{8BC9CEB8-8B4A-11D0-8D11-00A0C91BC942}") = "HW4.16", "HW4.16\HW4.16.vcxproj", "{CACDEEE4-C8D0-4767-A1FC-840BF9904C48}"
EndProject
Global
	GlobalSection(SolutionConfigurationPlatforms) = preSolution
		Debug|x64 = Debug|x64
		Debug|x86 = Debug|x86
		Release|x64 = Release|x64
		Release|x86 = Release|x86
	EndGlobalSection
	GlobalSection(ProjectConfigurationPlatforms) = postSolution
		{CACDEEE4-C8D0-4767-A1FC-840BF9904C48}.Debug|x64.ActiveCfg = Debug|x64
		{CACDEEE4-C8D0-4767-A1FC-840BF9904C48}.Debug|x64.Build.0 = Debug|x64
		{CACDEEE4-C8D0-4767-A1FC-840BF9904C48}.Debug|x86.ActiveCfg = Debug|Win32
		{CACDEEE4-C8D0-4767-A1FC-840BF9904C48}.Debug|x86.Build.0 = Debug|Win32
		{CACDEEE4-C8D0-4767-A1FC-840BF9904C48}.Release|x64.ActiveCfg = Release|x64
		{CACDEEE4-C8D0-4767-A1FC-840BF9904C48}.Release|x64.Build.0 = Release|x64
		{CACDEEE4-C8D0-4767-A1FC-840BF9904C48}.Release|x86.ActiveCfg = Release|Win32
		{CACDEEE4-C8D0-4767-A1FC-840BF9904C48}.Release|x86.Build.0 = Release|Win32
	EndGlobalSection
	GlobalSection(SolutionProperties) = preSolution
		HideSolutionNode = FALSE
	EndGlobalSection
	GlobalSection(ExtensibilityGlobals) = postSolution
		SolutionGuid = {AB059C6D-67BF-41ED-9723-D36045918D55}
	EndGlobalSection
EndGlobal
